// !$*UTF8*$!
{
	archiveVersion = 1;
	classes = {
	};
	objectVersion = 77;
	objects = {

/* Begin PBXBuildFile section */
		AA0000000000000000000002 /* DemoApp.swift in Sources */ = {isa = PBXBuildFile; fileRef = AA0000000000000000000001 /* DemoApp.swift */; };
		AA0000000000000000000004 /* ContentView.swift in Sources */ = {isa = PBXBuildFile; fileRef = AA0000000000000000000003 /* ContentView.swift */; };
		AA0000000000000000000006 /* Localizable.xcstrings in Resources */ = {isa = PBXBuildFile; fileRef = AA0000000000000000000005 /* Localizable.xcstrings */; };
		0A57448C2D107B47009C89AE /* VXWalkthrough in Frameworks */ = {isa = PBXBuildFile; productRef = 0A57448B2D107B47009C89AE /* VXWalkthrough */; };
		AA0000000000000000000008 /* VXWalkthroughScanner in Frameworks */ = {isa = PBXBuildFile; productRef = AA0000000000000000000007 /* VXWalkthroughScanner */; };
/* End PBXBuildFile section */

/* Begin PBXFileReference section */
		0ABC42622D15631000F2FF24 /* VXWalkthroughDemo.entitlements */ = {isa = PBXFileReference; lastKnownFileType = text.plist.entitlements; path = VXWalkthroughDemo.entitlements; sourceTree = "<group>"; };
		1D6058910D05DD3D006BFB54 /* VXWalkthroughDemo.app */ = {isa = PBXFileReference; explicitFileType = wrapper.application; includeInIndex = 0; path = VXWalkthroughDemo.app; sourceTree = BUILT_PRODUCTS_DIR; };
		8D1107310486CEB800E47090 /* VXWalkthroughDemo-Info.plist */ = {isa = PBXFileReference; fileEncoding = 4; lastKnownFileType = text.plist.xml; path = "VXWalkthroughDemo-Info.plist"; sourceTree = "<group>"; };
		AA0000000000000000000001 /* DemoApp.swift */ = {isa = PBXFileReference; lastKnownFileType = sourcecode.swift; path = DemoApp.swift; sourceTree = "<group>"; };
		AA0000000000000000000003 /* ContentView.swift */ = {isa = PBXFileReference; lastKnownFileType = sourcecode.swift; path = ContentView.swift; sourceTree = "<group>"; };
		AA0000000000000000000005 /* Localizable.xcstrings */ = {isa = PBXFileReference; lastKnownFileType = text.json.xcstrings; path = Localizable.xcstrings; sourceTree = "<group>"; };
/* End PBXFileReference section */

/* Begin PBXFrameworksBuildPhase section */
		1D60588F0D05DD3D006BFB54 /* Frameworks */ = {
			isa = PBXFrameworksBuildPhase;
			buildActionMask = 2147483647;
			files = (
				0A57448C2D107B47009C89AE /* VXWalkthrough in Frameworks */,
				AA0000000000000000000008 /* VXWalkthroughScanner in Frameworks */,
			);
			runOnlyForDeploymentPostprocessing = 0;
		};
/* End PBXFrameworksBuildPhase section */

/* Begin PBXGroup section */
		080E96DDFE201D6D7F000001 /* Classes */ = {
			isa = PBXGroup;
			children = (
				AA0000000000000000000001 /* DemoApp.swift */,
				AA0000000000000000000003 /* ContentView.swift */,
			);
			path = Classes;
			sourceTree = "<group>";
		};
		19C28FACFE9D520D11CA2CBB /* Products */ = {
			isa = PBXGroup;
			children = (
				1D6058910D05DD3D006BFB54 /* VXWalkthroughDemo.app */,
			);
			name = Products;
			sourceTree = "<group>";
		};
		29B97314FDCFA39411CA2CEA /* CustomTemplate */ = {
			isa = PBXGroup;
			children = (
				080E96DDFE201D6D7F000001 /* Classes */,
				AA0000000000000000000005 /* Localizable.xcstrings */,
				8D1107310486CEB800E47090 /* VXWalkthroughDemo-Info.plist */,
				0ABC42622D15631000F2FF24 /* VXWalkthroughDemo.entitlements */,
				19C28FACFE9D520D11CA2CBB /* Products */,
			);
			name = CustomTemplate;
			sourceTree = "<group>";
		};
/* End PBXGroup section */

/* Begin PBXNativeTarget section */
		1D6058900D05DD3D006BFB54 /* VXWalkthroughDemo */ = {
			isa = PBXNativeTarget;
			buildConfigurationList = 1D6058960D05DD3E006BFB54 /* Build configuration list for PBXNativeTarget "VXWalkthroughDemo" */;
			buildPhases = (
				1D60588D0D05DD3D006BFB54 /* Resources */,
				1D60588E0D05DD3D006BFB54 /* Sources */,
				1D60588F0D05DD3D006BFB54 /* Frameworks */,
			);
			buildRules = (
			);
			dependencies = (
			);
			name = VXWalkthroughDemo;
			packageProductDependencies = (
				0A57448B2D107B47009C89AE /* VXWalkthrough */,
				AA0000000000000000000007 /* VXWalkthroughScanner */,
			);
			productName = VXWalkthroughDemo;
			productReference = 1D6058910D05DD3D006BFB54 /* VXWalkthroughDemo.app */;
			productType = "com.apple.product-type.application";
		};
/* End PBXNativeTarget section */

/* Begin PBXProject section */
		29B97313FDCFA39411CA2CEA /* Project object */ = {
			isa = PBXProject;
			attributes = {
				BuildIndependentTargetsInParallel = YES;
				LastSwiftUpdateCheck = 2650;
				LastUpgradeCheck = 2650;
				TargetAttributes = {
					1D6058900D05DD3D006BFB54 = {
						LastSwiftMigration = 2650;
					};
				};
			};
			buildConfigurationList = C01FCF4E08A954540054247B /* Build configuration list for PBXProject "VXWalkthroughDemo" */;
			developmentRegion = en;
			hasScannedForEncodings = 1;
			knownRegions = (
				Base,
				en,
			);
			mainGroup = 29B97314FDCFA39411CA2CEA /* CustomTemplate */;
			packageReferences = (
				0A35C4F42D10740D00A98B3B /* XCLocalSwiftPackageReference "../../VXWalkthroughViewController-Swift" */,
			);
			preferredProjectObjectVersion = 77;
			productRefGroup = 19C28FACFE9D520D11CA2CBB /* Products */;
			projectDirPath = "";
			projectRoot = "";
			targets = (
				1D6058900D05DD3D006BFB54 /* VXWalkthroughDemo */,
			);
		};
/* End PBXProject section */

/* Begin PBXResourcesBuildPhase section */
		1D60588D0D05DD3D006BFB54 /* Resources */ = {
			isa = PBXResourcesBuildPhase;
			buildActionMask = 2147483647;
			files = (
				AA0000000000000000000006 /* Localizable.xcstrings in Resources */,
			);
			runOnlyForDeploymentPostprocessing = 0;
		};
/* End PBXResourcesBuildPhase section */

/* Begin PBXSourcesBuildPhase section */
		1D60588E0D05DD3D006BFB54 /* Sources */ = {
			isa = PBXSourcesBuildPhase;
			buildActionMask = 2147483647;
			files = (
				AA0000000000000000000002 /* DemoApp.swift in Sources */,
				AA0000000000000000000004 /* ContentView.swift in Sources */,
			);
			runOnlyForDeploymentPostprocessing = 0;
		};
/* End PBXSourcesBuildPhase section */

/* Begin XCBuildConfiguration section */
		1D6058940D05DD3E006BFB54 /* Debug */ = {
			isa = XCBuildConfiguration;
			buildSettings = {
				ALWAYS_SEARCH_USER_PATHS = NO;
				ASSETCATALOG_COMPILER_APPICON_NAME = AppIcon;
				CODE_SIGN_ENTITLEMENTS = VXWalkthroughDemo.entitlements;
				CODE_SIGN_STYLE = Automatic;
				DEVELOPMENT_TEAM = U6P68B87Q3;
				ENABLE_USER_SCRIPT_SANDBOXING = YES;
				GENERATE_INFOPLIST_FILE = NO;
				INFOPLIST_FILE = "VXWalkthroughDemo-Info.plist";
				IPHONEOS_DEPLOYMENT_TARGET = 17.0;
				LD_RUNPATH_SEARCH_PATHS = (
					"$(inherited)",
					"@executable_path/Frameworks",
				);
				PRODUCT_BUNDLE_IDENTIFIER = "ch.swift.$(PRODUCT_NAME:rfc1034identifier)";
				PRODUCT_NAME = VXWalkthroughDemo;
				SDKROOT = iphoneos;
				SUPPORTED_PLATFORMS = "iphoneos iphonesimulator";
				SUPPORTS_MACCATALYST = YES;
				SUPPORTS_MAC_DESIGNED_FOR_IPHONE_IPAD = NO;
				SWIFT_OPTIMIZATION_LEVEL = "-Onone";
				SWIFT_VERSION = 5.0;
				TARGETED_DEVICE_FAMILY = "1,2";
			};
			name = Debug;
		};
		C01FCF4F08A954540054247B /* Debug */ = {
			isa = XCBuildConfiguration;
			buildSettings = {
				CLANG_ANALYZER_LOCALIZABILITY_NONLOCALIZED = YES;
				ENABLE_STRICT_OBJC_MSGSEND = YES;
				ENABLE_TESTABILITY = YES;
				ENABLE_USER_SCRIPT_SANDBOXING = YES;
				GCC_NO_COMMON_BLOCKS = YES;
				IPHONEOS_DEPLOYMENT_TARGET = 17.0;
				ONLY_ACTIVE_ARCH = YES;
				SDKROOT = iphoneos;
				SUPPORTS_MACCATALYST = YES;
			};
			name = Debug;
		};
/* End XCBuildConfiguration section */

/* Begin XCConfigurationList section */
		1D6058960D05DD3E006BFB54 /* Build configuration list for PBXNativeTarget "VXWalkthroughDemo" */ = {
			isa = XCConfigurationList;
			buildConfigurations = (
				1D6058940D05DD3E006BFB54 /* Debug */,
			);
			defaultConfigurationIsVisible = 0;
			defaultConfigurationName = Debug;
		};
		C01FCF4E08A954540054247B /* Build configuration list for PBXProject "VXWalkthroughDemo" */ = {
			isa = XCConfigurationList;
			buildConfigurations = (
				C01FCF4F08A954540054247B /* Debug */,
			);
			defaultConfigurationIsVisible = 0;
			defaultConfigurationName = Debug;
		};
/* End XCConfigurationList section */

/* Begin XCLocalSwiftPackageReference section */
		0A35C4F42D10740D00A98B3B /* XCLocalSwiftPackageReference "../../VXWalkthroughViewController-Swift" */ = {
			isa = XCLocalSwiftPackageReference;
			relativePath = "../../VXWalkthroughViewController-Swift";
		};
/* End XCLocalSwiftPackageReference section */

/* Begin XCSwiftPackageProductDependency section */
		0A57448B2D107B47009C89AE /* VXWalkthrough */ = {
			isa = XCSwiftPackageProductDependency;
			package = 0A35C4F42D10740D00A98B3B /* XCLocalSwiftPackageReference "../../VXWalkthroughViewController-Swift" */;
			productName = VXWalkthrough;
		};
		AA0000000000000000000007 /* VXWalkthroughScanner */ = {
			isa = XCSwiftPackageProductDependency;
			package = 0A35C4F42D10740D00A98B3B /* XCLocalSwiftPackageReference "../../VXWalkthroughViewController-Swift" */;
			productName = VXWalkthroughScanner;
		};
/* End XCSwiftPackageProductDependency section */
	};
	rootObject = 29B97313FDCFA39411CA2CEA /* Project object */;
}
