{
  "originHash" : "a8d34c75a217fd433855bc445fadf0042e8ea60275efa571fc6a4bf370e3abb0",
  "pins" : [
    {
      "identity" : "qrcodereader.swift",
      "kind" : "remoteSourceControl",
      "location" : "https://github.com/swiftmanagementag/QRCodeReader.swift",
      "state" : {
        "branch" : "master",
        "revision" : "f132f1cbc39e5cf81f494cbf16669f1f6687222f"
      }
    }
  ],
  "version" : 3
}
