// !$*UTF8*$!
{
	archiveVersion = 1;
	classes = {
	};
	objectVersion = 46;
	objects = {

/* Begin PBXBuildFile section */
		0A5661371A6825850069B195 /* VXWalkthroughController.bundle in Resources */ = {isa = PBXBuildFile; fileRef = 0A5661311A6825850069B195 /* VXWalkthroughController.bundle */; };
		0A56613A1A6825850069B195 /* VXWalkthroughViewController.storyboard in Resources */ = {isa = PBXBuildFile; fileRef = 0A5661361A6825850069B195 /* VXWalkthroughViewController.storyboard */; };
		0A56613C1A68267C0069B195 /* Localizable.strings in Resources */ = {isa = PBXBuildFile; fileRef = 0A56613B1A68267C0069B195 /* Localizable.strings */; };
		0A5661421A6826F10069B195 /* walkthrough_0.png in Resources */ = {isa = PBXBuildFile; fileRef = 0A56613F1A6826F10069B195 /* walkthrough_0.png */; };
		0A5661431A6826F10069B195 /* walkthrough_1.png in Resources */ = {isa = PBXBuildFile; fileRef = 0A5661401A6826F10069B195 /* walkthrough_1.png */; };
		0A5661441A6826F10069B195 /* walkthrough_2.png in Resources */ = {isa = PBXBuildFile; fileRef = 0A5661411A6826F10069B195 /* walkthrough_2.png */; };
		0A56615D1A682A470069B195 /* QuartzCore.framework in Frameworks */ = {isa = PBXBuildFile; fileRef = 0A56615C1A682A470069B195 /* QuartzCore.framework */; };
		0A56615F1A6908CB0069B195 /* Images.xcassets in Resources */ = {isa = PBXBuildFile; fileRef = 0A56615E1A6908CB0069B195 /* Images.xcassets */; };
		0AFAE2B31ADF95990016B912 /* info.txt in Resources */ = {isa = PBXBuildFile; fileRef = 0AFAE2B21ADF95990016B912 /* info.txt */; };
		1D60589F0D05DD5A006BFB54 /* Foundation.framework in Frameworks */ = {isa = PBXBuildFile; fileRef = 1D30AB110D05D00D00671497 /* Foundation.framework */; };
		1DF5F4E00D08C38300B7A737 /* UIKit.framework in Frameworks */ = {isa = PBXBuildFile; fileRef = 1DF5F4DF0D08C38300B7A737 /* UIKit.framework */; };
		22AAF0BF1831F5B300AB15C4 /* README.md in Resources */ = {isa = PBXBuildFile; fileRef = 22AAF0BE1831F5B300AB15C4 /* README.md */; };
		28AD73600D9D9599002E5188 /* MainWindow.xib in Resources */ = {isa = PBXBuildFile; fileRef = 28AD735F0D9D9599002E5188 /* MainWindow.xib */; };
		28F335F11007B36200424DE2 /* ViewController.xib in Resources */ = {isa = PBXBuildFile; fileRef = 28F335F01007B36200424DE2 /* ViewController.xib */; };
		473B393F239EC53100F694E0 /* AppDelegate.swift in Sources */ = {isa = PBXBuildFile; fileRef = 473B393E239EC53100F694E0 /* AppDelegate.swift */; };
		473B3941239EC55400F694E0 /* ViewController.swift in Sources */ = {isa = PBXBuildFile; fileRef = 473B3940239EC55400F694E0 /* ViewController.swift */; };
		473B3943239EC68300F694E0 /* VXWalkthroughViewController.swift in Sources */ = {isa = PBXBuildFile; fileRef = 473B3942239EC68300F694E0 /* VXWalkthroughViewController.swift */; };
		473B3947239EC69F00F694E0 /* VXWalkthroughPageViewController.swift in Sources */ = {isa = PBXBuildFile; fileRef = 473B3946239EC69F00F694E0 /* VXWalkthroughPageViewController.swift */; };
		473B3949239ECCB500F694E0 /* Launch Screen.storyboard in Resources */ = {isa = PBXBuildFile; fileRef = 473B3948239ECCB500F694E0 /* Launch Screen.storyboard */; };
		473B3957239F8CDA00F694E0 /* VXWalkthroughPageActionViewController.swift in Sources */ = {isa = PBXBuildFile; fileRef = 473B3956239F8CDA00F694E0 /* VXWalkthroughPageActionViewController.swift */; };
		473B3959239F8CE800F694E0 /* VXWalkthroughPageLoginViewController.swift in Sources */ = {isa = PBXBuildFile; fileRef = 473B3958239F8CE800F694E0 /* VXWalkthroughPageLoginViewController.swift */; };
		473B395B239F8CF900F694E0 /* VXWalkthroughPagePickerViewController.swift in Sources */ = {isa = PBXBuildFile; fileRef = 473B395A239F8CF900F694E0 /* VXWalkthroughPagePickerViewController.swift */; };
		473B395D239F8D0900F694E0 /* VXWalkthroughPageSignupViewController.swift in Sources */ = {isa = PBXBuildFile; fileRef = 473B395C239F8D0900F694E0 /* VXWalkthroughPageSignupViewController.swift */; };
		473B395F239FADAC00F694E0 /* VXWalkthroughViewController-Swift.podspec in Resources */ = {isa = PBXBuildFile; fileRef = 473B395E239FADAC00F694E0 /* VXWalkthroughViewController-Swift.podspec */; };
		9324A34BDF042E6CC35BD4CD /* Pods_VXWalkthrough.framework in Frameworks */ = {isa = PBXBuildFile; fileRef = EC6D05DFC2F8FE2484AAB32A /* Pods_VXWalkthrough.framework */; };
		D5FA63C516A8707A0087531C /* Default-568h@2x.png in Resources */ = {isa = PBXBuildFile; fileRef = D5FA63C416A8707A0087531C /* Default-568h@2x.png */; };
/* End PBXBuildFile section */

/* Begin PBXFileReference section */
		0A5661311A6825850069B195 /* VXWalkthroughController.bundle */ = {isa = PBXFileReference; lastKnownFileType = "wrapper.plug-in"; path = VXWalkthroughController.bundle; sourceTree = "<group>"; };
		0A5661361A6825850069B195 /* VXWalkthroughViewController.storyboard */ = {isa = PBXFileReference; fileEncoding = 4; lastKnownFileType = file.storyboard; path = VXWalkthroughViewController.storyboard; sourceTree = "<group>"; };
		0A56613B1A68267C0069B195 /* Localizable.strings */ = {isa = PBXFileReference; fileEncoding = 4; lastKnownFileType = text.plist.strings; path = Localizable.strings; sourceTree = "<group>"; };
		0A56613F1A6826F10069B195 /* walkthrough_0.png */ = {isa = PBXFileReference; lastKnownFileType = image.png; path = walkthrough_0.png; sourceTree = "<group>"; };
		0A5661401A6826F10069B195 /* walkthrough_1.png */ = {isa = PBXFileReference; lastKnownFileType = image.png; path = walkthrough_1.png; sourceTree = "<group>"; };
		0A5661411A6826F10069B195 /* walkthrough_2.png */ = {isa = PBXFileReference; lastKnownFileType = image.png; path = walkthrough_2.png; sourceTree = "<group>"; };
		0A56615C1A682A470069B195 /* QuartzCore.framework */ = {isa = PBXFileReference; lastKnownFileType = wrapper.framework; name = QuartzCore.framework; path = System/Library/Frameworks/QuartzCore.framework; sourceTree = SDKROOT; };
		0A56615E1A6908CB0069B195 /* Images.xcassets */ = {isa = PBXFileReference; lastKnownFileType = folder.assetcatalog; name = Images.xcassets; path = VXWalkthrough/Images.xcassets; sourceTree = "<group>"; };
		0AFAE2B21ADF95990016B912 /* info.txt */ = {isa = PBXFileReference; fileEncoding = 4; lastKnownFileType = text; name = info.txt; path = ../info.txt; sourceTree = "<group>"; };
		1D30AB110D05D00D00671497 /* Foundation.framework */ = {isa = PBXFileReference; lastKnownFileType = wrapper.framework; name = Foundation.framework; path = System/Library/Frameworks/Foundation.framework; sourceTree = SDKROOT; };
		1D6058910D05DD3D006BFB54 /* VXWalkthrough.app */ = {isa = PBXFileReference; explicitFileType = wrapper.application; includeInIndex = 0; path = VXWalkthrough.app; sourceTree = BUILT_PRODUCTS_DIR; };
		1DF5F4DF0D08C38300B7A737 /* UIKit.framework */ = {isa = PBXFileReference; lastKnownFileType = wrapper.framework; name = UIKit.framework; path = System/Library/Frameworks/UIKit.framework; sourceTree = SDKROOT; };
		22AAF0BE1831F5B300AB15C4 /* README.md */ = {isa = PBXFileReference; fileEncoding = 4; lastKnownFileType = text; name = README.md; path = ../README.md; sourceTree = "<group>"; };
		28AD735F0D9D9599002E5188 /* MainWindow.xib */ = {isa = PBXFileReference; lastKnownFileType = file.xib; path = MainWindow.xib; sourceTree = "<group>"; };
		28F335F01007B36200424DE2 /* ViewController.xib */ = {isa = PBXFileReference; lastKnownFileType = file.xib; name = ViewController.xib; path = ../ViewController.xib; sourceTree = "<group>"; };
		473B393E239EC53100F694E0 /* AppDelegate.swift */ = {isa = PBXFileReference; lastKnownFileType = sourcecode.swift; path = AppDelegate.swift; sourceTree = "<group>"; };
		473B3940239EC55400F694E0 /* ViewController.swift */ = {isa = PBXFileReference; lastKnownFileType = sourcecode.swift; path = ViewController.swift; sourceTree = "<group>"; };
		473B3942239EC68300F694E0 /* VXWalkthroughViewController.swift */ = {isa = PBXFileReference; lastKnownFileType = sourcecode.swift; path = VXWalkthroughViewController.swift; sourceTree = "<group>"; };
		473B3946239EC69F00F694E0 /* VXWalkthroughPageViewController.swift */ = {isa = PBXFileReference; lastKnownFileType = sourcecode.swift; path = VXWalkthroughPageViewController.swift; sourceTree = "<group>"; };
		473B3948239ECCB500F694E0 /* Launch Screen.storyboard */ = {isa = PBXFileReference; lastKnownFileType = file.storyboard; path = "Launch Screen.storyboard"; sourceTree = "<group>"; };
		473B3956239F8CDA00F694E0 /* VXWalkthroughPageActionViewController.swift */ = {isa = PBXFileReference; lastKnownFileType = sourcecode.swift; path = VXWalkthroughPageActionViewController.swift; sourceTree = "<group>"; };
		473B3958239F8CE800F694E0 /* VXWalkthroughPageLoginViewController.swift */ = {isa = PBXFileReference; lastKnownFileType = sourcecode.swift; path = VXWalkthroughPageLoginViewController.swift; sourceTree = "<group>"; };
		473B395A239F8CF900F694E0 /* VXWalkthroughPagePickerViewController.swift */ = {isa = PBXFileReference; lastKnownFileType = sourcecode.swift; path = VXWalkthroughPagePickerViewController.swift; sourceTree = "<group>"; };
		473B395C239F8D0900F694E0 /* VXWalkthroughPageSignupViewController.swift */ = {isa = PBXFileReference; lastKnownFileType = sourcecode.swift; path = VXWalkthroughPageSignupViewController.swift; sourceTree = "<group>"; };
		473B395E239FADAC00F694E0 /* VXWalkthroughViewController-Swift.podspec */ = {isa = PBXFileReference; fileEncoding = 4; lastKnownFileType = text; name = "VXWalkthroughViewController-Swift.podspec"; path = "../VXWalkthroughViewController-Swift.podspec"; sourceTree = "<group>"; };
		6DAD2E4EAB184F72ACE29999 /* libPods.a */ = {isa = PBXFileReference; explicitFileType = archive.ar; includeInIndex = 0; path = libPods.a; sourceTree = BUILT_PRODUCTS_DIR; };
		8D1107310486CEB800E47090 /* VXWalkthrough-Info.plist */ = {isa = PBXFileReference; fileEncoding = 4; lastKnownFileType = text.plist.xml; path = "VXWalkthrough-Info.plist"; plistStructureDefinitionIdentifier = "com.apple.xcode.plist.structure-definition.iphone.info-plist"; sourceTree = "<group>"; };
		9B86E60F9BEC99E6E3A6A6BA /* Pods-VXWalkthrough.debug.xcconfig */ = {isa = PBXFileReference; includeInIndex = 1; lastKnownFileType = text.xcconfig; name = "Pods-VXWalkthrough.debug.xcconfig"; path = "Target Support Files/Pods-VXWalkthrough/Pods-VXWalkthrough.debug.xcconfig"; sourceTree = "<group>"; };
		A0667BBC457D4307AC51AC26 /* Pods.xcconfig */ = {isa = PBXFileReference; includeInIndex = 1; lastKnownFileType = text.xcconfig; name = Pods.xcconfig; path = Pods/Pods.xcconfig; sourceTree = "<group>"; };
		D5FA63C416A8707A0087531C /* Default-568h@2x.png */ = {isa = PBXFileReference; lastKnownFileType = image.png; path = "Default-568h@2x.png"; sourceTree = "<group>"; };
		EC6D05DFC2F8FE2484AAB32A /* Pods_VXWalkthrough.framework */ = {isa = PBXFileReference; explicitFileType = wrapper.framework; includeInIndex = 0; path = Pods_VXWalkthrough.framework; sourceTree = BUILT_PRODUCTS_DIR; };
/* End PBXFileReference section */

/* Begin PBXFrameworksBuildPhase section */
		1D60588F0D05DD3D006BFB54 /* Frameworks */ = {
			isa = PBXFrameworksBuildPhase;
			buildActionMask = 2147483647;
			files = (
				0A56615D1A682A470069B195 /* QuartzCore.framework in Frameworks */,
				1D60589F0D05DD5A006BFB54 /* Foundation.framework in Frameworks */,
				1DF5F4E00D08C38300B7A737 /* UIKit.framework in Frameworks */,
				9324A34BDF042E6CC35BD4CD /* Pods_VXWalkthrough.framework in Frameworks */,
			);
			runOnlyForDeploymentPostprocessing = 0;
		};
/* End PBXFrameworksBuildPhase section */

/* Begin PBXGroup section */
		080E96DDFE201D6D7F000001 /* Classes */ = {
			isa = PBXGroup;
			children = (
				473B393E239EC53100F694E0 /* AppDelegate.swift */,
				473B3940239EC55400F694E0 /* ViewController.swift */,
				28F335F01007B36200424DE2 /* ViewController.xib */,
			);
			path = Classes;
			sourceTree = "<group>";
		};
		0A56613D1A6826F10069B195 /* images */ = {
			isa = PBXGroup;
			children = (
				0A56613E1A6826F10069B195 /* walkthrough */,
			);
			path = images;
			sourceTree = "<group>";
		};
		0A56613E1A6826F10069B195 /* walkthrough */ = {
			isa = PBXGroup;
			children = (
				0A56613F1A6826F10069B195 /* walkthrough_0.png */,
				0A5661401A6826F10069B195 /* walkthrough_1.png */,
				0A5661411A6826F10069B195 /* walkthrough_2.png */,
			);
			path = walkthrough;
			sourceTree = "<group>";
		};
		19C28FACFE9D520D11CA2CBB /* Products */ = {
			isa = PBXGroup;
			children = (
				1D6058910D05DD3D006BFB54 /* VXWalkthrough.app */,
			);
			name = Products;
			sourceTree = "<group>";
		};
		2214586C13132D3200ED7D83 /* VXWalkthroughViewController */ = {
			isa = PBXGroup;
			children = (
				0A5661311A6825850069B195 /* VXWalkthroughController.bundle */,
				473B3942239EC68300F694E0 /* VXWalkthroughViewController.swift */,
				473B3946239EC69F00F694E0 /* VXWalkthroughPageViewController.swift */,
				473B3956239F8CDA00F694E0 /* VXWalkthroughPageActionViewController.swift */,
				473B3958239F8CE800F694E0 /* VXWalkthroughPageLoginViewController.swift */,
				473B395A239F8CF900F694E0 /* VXWalkthroughPagePickerViewController.swift */,
				473B395C239F8D0900F694E0 /* VXWalkthroughPageSignupViewController.swift */,
				0A5661361A6825850069B195 /* VXWalkthroughViewController.storyboard */,
			);
			name = VXWalkthroughViewController;
			path = ../VXWalkthroughViewController;
			sourceTree = SOURCE_ROOT;
		};
		29B97314FDCFA39411CA2CEA = {
			isa = PBXGroup;
			children = (
				0AFAE2B21ADF95990016B912 /* info.txt */,
				473B395E239FADAC00F694E0 /* VXWalkthroughViewController-Swift.podspec */,
				22AAF0BE1831F5B300AB15C4 /* README.md */,
				0A56613B1A68267C0069B195 /* Localizable.strings */,
				0A56613D1A6826F10069B195 /* images */,
				080E96DDFE201D6D7F000001 /* Classes */,
				2214586C13132D3200ED7D83 /* VXWalkthroughViewController */,
				29B97317FDCFA39411CA2CEA /* Resources */,
				29B97323FDCFA39411CA2CEA /* Frameworks */,
				19C28FACFE9D520D11CA2CBB /* Products */,
				A0667BBC457D4307AC51AC26 /* Pods.xcconfig */,
				B924E9540214FF6A22F72EF8 /* Pods */,
			);
			name = CustomTemplate;
			sourceTree = "<group>";
		};
		29B97317FDCFA39411CA2CEA /* Resources */ = {
			isa = PBXGroup;
			children = (
				0A56615E1A6908CB0069B195 /* Images.xcassets */,
				28AD735F0D9D9599002E5188 /* MainWindow.xib */,
				D5FA63C416A8707A0087531C /* Default-568h@2x.png */,
				8D1107310486CEB800E47090 /* VXWalkthrough-Info.plist */,
				473B3948239ECCB500F694E0 /* Launch Screen.storyboard */,
			);
			name = Resources;
			sourceTree = "<group>";
		};
		29B97323FDCFA39411CA2CEA /* Frameworks */ = {
			isa = PBXGroup;
			children = (
				0A56615C1A682A470069B195 /* QuartzCore.framework */,
				1DF5F4DF0D08C38300B7A737 /* UIKit.framework */,
				1D30AB110D05D00D00671497 /* Foundation.framework */,
				6DAD2E4EAB184F72ACE29999 /* libPods.a */,
				EC6D05DFC2F8FE2484AAB32A /* Pods_VXWalkthrough.framework */,
			);
			name = Frameworks;
			sourceTree = "<group>";
		};
		B924E9540214FF6A22F72EF8 /* Pods */ = {
			isa = PBXGroup;
			children = (
				9B86E60F9BEC99E6E3A6A6BA /* Pods-VXWalkthrough.debug.xcconfig */,
			);
			name = Pods;
			path = Pods;
			sourceTree = "<group>";
		};
/* End PBXGroup section */

/* Begin PBXNativeTarget section */
		1D6058900D05DD3D006BFB54 /* VXWalkthrough */ = {
			isa = PBXNativeTarget;
			buildConfigurationList = 1D6058960D05DD3E006BFB54 /* Build configuration list for PBXNativeTarget "VXWalkthrough" */;
			buildPhases = (
				2716621C20F4FAD1B96AD54B /* [CP] Check Pods Manifest.lock */,
				1D60588D0D05DD3D006BFB54 /* Resources */,
				1D60588E0D05DD3D006BFB54 /* Sources */,
				1D60588F0D05DD3D006BFB54 /* Frameworks */,
				37B57168149FF430BF896902 /* [CP] Embed Pods Frameworks */,
			);
			buildRules = (
			);
			dependencies = (
			);
			name = VXWalkthrough;
			productName = VXPromotion;
			productReference = 1D6058910D05DD3D006BFB54 /* VXWalkthrough.app */;
			productType = "com.apple.product-type.application";
		};
/* End PBXNativeTarget section */

/* Begin PBXProject section */
		29B97313FDCFA39411CA2CEA /* Project object */ = {
			isa = PBXProject;
			attributes = {
				LastUpgradeCheck = 1120;
				TargetAttributes = {
					1D6058900D05DD3D006BFB54 = {
						DevelopmentTeam = U6P68B87Q3;
						LastSwiftMigration = 1120;
					};
				};
			};
			buildConfigurationList = C01FCF4E08A954540054247B /* Build configuration list for PBXProject "VXWalkthrough" */;
			compatibilityVersion = "Xcode 3.2";
			developmentRegion = en;
			hasScannedForEncodings = 1;
			knownRegions = (
				no,
				zh_CN,
				fr,
				de,
				Base,
				en,
				ja,
			);
			mainGroup = 29B97314FDCFA39411CA2CEA;
			productRefGroup = 19C28FACFE9D520D11CA2CBB /* Products */;
			projectDirPath = "";
			projectRoot = "";
			targets = (
				1D6058900D05DD3D006BFB54 /* VXWalkthrough */,
			);
		};
/* End PBXProject section */

/* Begin PBXResourcesBuildPhase section */
		1D60588D0D05DD3D006BFB54 /* Resources */ = {
			isa = PBXResourcesBuildPhase;
			buildActionMask = 2147483647;
			files = (
				0A5661371A6825850069B195 /* VXWalkthroughController.bundle in Resources */,
				0A5661421A6826F10069B195 /* walkthrough_0.png in Resources */,
				0A5661431A6826F10069B195 /* walkthrough_1.png in Resources */,
				0A56613A1A6825850069B195 /* VXWalkthroughViewController.storyboard in Resources */,
				28AD73600D9D9599002E5188 /* MainWindow.xib in Resources */,
				0A5661441A6826F10069B195 /* walkthrough_2.png in Resources */,
				473B3949239ECCB500F694E0 /* Launch Screen.storyboard in Resources */,
				0AFAE2B31ADF95990016B912 /* info.txt in Resources */,
				28F335F11007B36200424DE2 /* ViewController.xib in Resources */,
				0A56613C1A68267C0069B195 /* Localizable.strings in Resources */,
				0A56615F1A6908CB0069B195 /* Images.xcassets in Resources */,
				22AAF0BF1831F5B300AB15C4 /* README.md in Resources */,
				D5FA63C516A8707A0087531C /* Default-568h@2x.png in Resources */,
				473B395F239FADAC00F694E0 /* VXWalkthroughViewController-Swift.podspec in Resources */,
			);
			runOnlyForDeploymentPostprocessing = 0;
		};
/* End PBXResourcesBuildPhase section */

/* Begin PBXShellScriptBuildPhase section */
		2716621C20F4FAD1B96AD54B /* [CP] Check Pods Manifest.lock */ = {
			isa = PBXShellScriptBuildPhase;
			buildActionMask = 2147483647;
			files = (
			);
			inputFileListPaths = (
			);
			inputPaths = (
				"${PODS_PODFILE_DIR_PATH}/Podfile.lock",
				"${PODS_ROOT}/Manifest.lock",
			);
			name = "[CP] Check Pods Manifest.lock";
			outputFileListPaths = (
			);
			outputPaths = (
				"$(DERIVED_FILE_DIR)/Pods-VXWalkthrough-checkManifestLockResult.txt",
			);
			runOnlyForDeploymentPostprocessing = 0;
			shellPath = /bin/sh;
			shellScript = "diff \"${PODS_PODFILE_DIR_PATH}/Podfile.lock\" \"${PODS_ROOT}/Manifest.lock\" > /dev/null\nif [ $? != 0 ] ; then\n    # print error to STDERR\n    echo \"error: The sandbox is not in sync with the Podfile.lock. Run 'pod install' or update your CocoaPods installation.\" >&2\n    exit 1\nfi\n# This output is used by Xcode 'outputs' to avoid re-running this script phase.\necho \"SUCCESS\" > \"${SCRIPT_OUTPUT_FILE_0}\"\n";
			showEnvVarsInLog = 0;
		};
		37B57168149FF430BF896902 /* [CP] Embed Pods Frameworks */ = {
			isa = PBXShellScriptBuildPhase;
			buildActionMask = 2147483647;
			files = (
			);
			inputPaths = (
				"${PODS_ROOT}/Target Support Files/Pods-VXWalkthrough/Pods-VXWalkthrough-frameworks.sh",
				"${BUILT_PRODUCTS_DIR}/QRCodeReader.swift/QRCodeReader.framework",
			);
			name = "[CP] Embed Pods Frameworks";
			outputPaths = (
				"${TARGET_BUILD_DIR}/${FRAMEWORKS_FOLDER_PATH}/QRCodeReader.framework",
			);
			runOnlyForDeploymentPostprocessing = 0;
			shellPath = /bin/sh;
			shellScript = "\"${PODS_ROOT}/Target Support Files/Pods-VXWalkthrough/Pods-VXWalkthrough-frameworks.sh\"\n";
			showEnvVarsInLog = 0;
		};
/* End PBXShellScriptBuildPhase section */

/* Begin PBXSourcesBuildPhase section */
		1D60588E0D05DD3D006BFB54 /* Sources */ = {
			isa = PBXSourcesBuildPhase;
			buildActionMask = 2147483647;
			files = (
				473B3957239F8CDA00F694E0 /* VXWalkthroughPageActionViewController.swift in Sources */,
				473B395D239F8D0900F694E0 /* VXWalkthroughPageSignupViewController.swift in Sources */,
				473B3941239EC55400F694E0 /* ViewController.swift in Sources */,
				473B3947239EC69F00F694E0 /* VXWalkthroughPageViewController.swift in Sources */,
				473B393F239EC53100F694E0 /* AppDelegate.swift in Sources */,
				473B395B239F8CF900F694E0 /* VXWalkthroughPagePickerViewController.swift in Sources */,
				473B3959239F8CE800F694E0 /* VXWalkthroughPageLoginViewController.swift in Sources */,
				473B3943239EC68300F694E0 /* VXWalkthroughViewController.swift in Sources */,
			);
			runOnlyForDeploymentPostprocessing = 0;
		};
/* End PBXSourcesBuildPhase section */

/* Begin XCBuildConfiguration section */
		1D6058940D05DD3E006BFB54 /* Debug */ = {
			isa = XCBuildConfiguration;
			baseConfigurationReference = 9B86E60F9BEC99E6E3A6A6BA /* Pods-VXWalkthrough.debug.xcconfig */;
			buildSettings = {
				ALWAYS_SEARCH_USER_PATHS = NO;
				ASSETCATALOG_COMPILER_APPICON_NAME = AppIcon;
				CLANG_ENABLE_MODULES = YES;
				CLANG_ENABLE_OBJC_ARC = YES;
				COPY_PHASE_STRIP = NO;
				GCC_DYNAMIC_NO_PIC = NO;
				GCC_OPTIMIZATION_LEVEL = 0;
				GCC_PRECOMPILE_PREFIX_HEADER = YES;
				GCC_VERSION = com.apple.compilers.llvm.clang.1_0;
				INFOPLIST_FILE = "VXWalkthrough-Info.plist";
				IPHONEOS_DEPLOYMENT_TARGET = 11.0;
				LD_RUNPATH_SEARCH_PATHS = "$(inherited) @executable_path/Frameworks";
				PRODUCT_BUNDLE_IDENTIFIER = "ch.swift.$(PRODUCT_NAME:rfc1034identifier)";
				PRODUCT_NAME = VXWalkthrough;
				SDKROOT = iphoneos;
				SWIFT_INSTALL_OBJC_HEADER = YES;
				SWIFT_OPTIMIZATION_LEVEL = "-Onone";
				SWIFT_VERSION = 5.0;
				TARGETED_DEVICE_FAMILY = "1,2";
			};
			name = Debug;
		};
		C01FCF4F08A954540054247B /* Debug */ = {
			isa = XCBuildConfiguration;
			buildSettings = {
				CLANG_ANALYZER_LOCALIZABILITY_NONLOCALIZED = YES;
				CLANG_ENABLE_OBJC_ARC = NO;
				CLANG_WARN_BLOCK_CAPTURE_AUTORELEASING = YES;
				CLANG_WARN_BOOL_CONVERSION = YES;
				CLANG_WARN_COMMA = YES;
				CLANG_WARN_CONSTANT_CONVERSION = YES;
				CLANG_WARN_DEPRECATED_OBJC_IMPLEMENTATIONS = YES;
				CLANG_WARN_EMPTY_BODY = YES;
				CLANG_WARN_ENUM_CONVERSION = YES;
				CLANG_WARN_INFINITE_RECURSION = YES;
				CLANG_WARN_INT_CONVERSION = YES;
				CLANG_WARN_NON_LITERAL_NULL_CONVERSION = YES;
				CLANG_WARN_OBJC_IMPLICIT_RETAIN_SELF = YES;
				CLANG_WARN_OBJC_LITERAL_CONVERSION = YES;
				CLANG_WARN_RANGE_LOOP_ANALYSIS = YES;
				CLANG_WARN_STRICT_PROTOTYPES = YES;
				CLANG_WARN_SUSPICIOUS_MOVE = YES;
				CLANG_WARN_UNREACHABLE_CODE = YES;
				CLANG_WARN__DUPLICATE_METHOD_MATCH = YES;
				"CODE_SIGN_IDENTITY[sdk=iphoneos*]" = "iPhone Developer";
				ENABLE_STRICT_OBJC_MSGSEND = YES;
				ENABLE_TESTABILITY = YES;
				GCC_C_LANGUAGE_STANDARD = c99;
				GCC_NO_COMMON_BLOCKS = YES;
				GCC_WARN_64_TO_32_BIT_CONVERSION = YES;
				GCC_WARN_ABOUT_RETURN_TYPE = YES;
				GCC_WARN_UNDECLARED_SELECTOR = YES;
				GCC_WARN_UNINITIALIZED_AUTOS = YES;
				GCC_WARN_UNUSED_FUNCTION = YES;
				GCC_WARN_UNUSED_VARIABLE = YES;
				IPHONEOS_DEPLOYMENT_TARGET = 11.0;
				ONLY_ACTIVE_ARCH = YES;
				SDKROOT = iphoneos;
			};
			name = Debug;
		};
/* End XCBuildConfiguration section */

/* Begin XCConfigurationList section */
		1D6058960D05DD3E006BFB54 /* Build configuration list for PBXNativeTarget "VXWalkthrough" */ = {
			isa = XCConfigurationList;
			buildConfigurations = (
				1D6058940D05DD3E006BFB54 /* Debug */,
			);
			defaultConfigurationIsVisible = 0;
			defaultConfigurationName = Debug;
		};
		C01FCF4E08A954540054247B /* Build configuration list for PBXProject "VXWalkthrough" */ = {
			isa = XCConfigurationList;
			buildConfigurations = (
				C01FCF4F08A954540054247B /* Debug */,
			);
			defaultConfigurationIsVisible = 0;
			defaultConfigurationName = Debug;
		};
/* End XCConfigurationList section */
	};
	rootObject = 29B97313FDCFA39411CA2CEA /* Project object */;
}
